
Microsoft Visual Studio Solution File, Format Version 12.00
# Visual Studio Version 17
VisualStudioVersion = 17.6.33829.357
MinimumVisualStudioVersion = 10.0.40219.1
Project("{9A19103F-16F7-4668-BE54-9A1E7A4F7556}") = "HotelSoftware", "HotelSoftware.csproj", "{B93B4B94-F93E-468F-B90D-42748CE3415C}"
EndProject
Global
	GlobalSection(SolutionConfigurationPlatforms) = preSolution
		Debug|Any CPU = Debug|Any CPU
		Release|Any CPU = Release|Any CPU
	EndGlobalSection
	GlobalSection(ProjectConfigurationPlatforms) = postSolution
		{B93B4B94-F93E-468F-B90D-42748CE3415C}.Debug|Any CPU.ActiveCfg = Debug|Any CPU
		{B93B4B94-F93E-468F-B90D-42748CE3415C}.Debug|Any CPU.Build.0 = Debug|Any CPU
		{B93B4B94-F93E-468F-B90D-42748CE3415C}.Release|Any CPU.ActiveCfg = Release|Any CPU
		{B93B4B94-F93E-468F-B90D-42748CE3415C}.Release|Any CPU.Build.0 = Release|Any CPU
	EndGlobalSection
	GlobalSection(SolutionProperties) = preSolution
		HideSolutionNode = FALSE
	EndGlobalSection
	GlobalSection(ExtensibilityGlobals) = postSolution
		SolutionGuid = {F24C823D-71AF-45F0-95A9-C86A2963B86F}
	EndGlobalSection
EndGlobal
